// !$*UTF8*$!
{
	archiveVersion = 1;
	classes = {
	};
	objectVersion = 56;
	objects = {

/* Begin PBXBuildFile section */
		90A5C1C22B02D49E007C579B /* SweetToothApp.swift in Sources */ = {isa = PBXBuildFile; fileRef = 90A5C1C12B02D49E007C579B /* SweetToothApp.swift */; };
		90A5C1C42B02D49E007C579B /* MealListView.swift in Sources */ = {isa = PBXBuildFile; fileRef = 90A5C1C32B02D49E007C579B /* MealListView.swift */; };
		90A5C1C62B02D4A0007C579B /* Assets.xcassets in Resources */ = {isa = PBXBuildFile; fileRef = 90A5C1C52B02D4A0007C579B /* Assets.xcassets */; };
		90A5C1C92B02D4A0007C579B /* Preview Assets.xcassets in Resources */ = {isa = PBXBuildFile; fileRef = 90A5C1C82B02D4A0007C579B /* Preview Assets.xcassets */; };
		90A5C1D42B0B3E55007C579B /* MealDetailView.swift in Sources */ = {isa = PBXBuildFile; fileRef = 90A5C1D32B0B3E55007C579B /* MealDetailView.swift */; };
		90A5C1D72B0B74BF007C579B /* LoadingView.swift in Sources */ = {isa = PBXBuildFile; fileRef = 90A5C1D62B0B74BF007C579B /* LoadingView.swift */; };
		90A5C1DA2B0B8F90007C579B /* Meal.swift in Sources */ = {isa = PBXBuildFile; fileRef = 90A5C1D92B0B8F90007C579B /* Meal.swift */; };
		90A5C1DC2B0B8FBF007C579B /* MealDetail.swift in Sources */ = {isa = PBXBuildFile; fileRef = 90A5C1DB2B0B8FBF007C579B /* MealDetail.swift */; };
		90A5C1DE2B0B9006007C579B /* Ingredient.swift in Sources */ = {isa = PBXBuildFile; fileRef = 90A5C1DD2B0B9006007C579B /* Ingredient.swift */; };
		90A5C1E02B0B9026007C579B /* GHError.swift in Sources */ = {isa = PBXBuildFile; fileRef = 90A5C1DF2B0B9026007C579B /* GHError.swift */; };
		90A5C1E42B0BDD09007C579B /* MealListViewModel.swift in Sources */ = {isa = PBXBuildFile; fileRef = 90A5C1E32B0BDD09007C579B /* MealListViewModel.swift */; };
		90A5C1E62B0BDF96007C579B /* MealDetailViewModel.swift in Sources */ = {isa = PBXBuildFile; fileRef = 90A5C1E52B0BDF96007C579B /* MealDetailViewModel.swift */; };
/* End PBXBuildFile section */

/* Begin PBXFileReference section */
		90A5C1BE2B02D49E007C579B /* SweetTooth.app */ = {isa = PBXFileReference; explicitFileType = wrapper.application; includeInIndex = 0; path = SweetTooth.app; sourceTree = BUILT_PRODUCTS_DIR; };
		90A5C1C12B02D49E007C579B /* SweetToothApp.swift */ = {isa = PBXFileReference; lastKnownFileType = sourcecode.swift; path = SweetToothApp.swift; sourceTree = "<group>"; };
		90A5C1C32B02D49E007C579B /* MealListView.swift */ = {isa = PBXFileReference; lastKnownFileType = sourcecode.swift; path = MealListView.swift; sourceTree = "<group>"; };
		90A5C1C52B02D4A0007C579B /* Assets.xcassets */ = {isa = PBXFileReference; lastKnownFileType = folder.assetcatalog; path = Assets.xcassets; sourceTree = "<group>"; };
		90A5C1C82B02D4A0007C579B /* Preview Assets.xcassets */ = {isa = PBXFileReference; lastKnownFileType = folder.assetcatalog; path = "Preview Assets.xcassets"; sourceTree = "<group>"; };
		90A5C1D32B0B3E55007C579B /* MealDetailView.swift */ = {isa = PBXFileReference; lastKnownFileType = sourcecode.swift; path = MealDetailView.swift; sourceTree = "<group>"; };
		90A5C1D62B0B74BF007C579B /* LoadingView.swift */ = {isa = PBXFileReference; lastKnownFileType = sourcecode.swift; path = LoadingView.swift; sourceTree = "<group>"; };
		90A5C1D92B0B8F90007C579B /* Meal.swift */ = {isa = PBXFileReference; lastKnownFileType = sourcecode.swift; path = Meal.swift; sourceTree = "<group>"; };
		90A5C1DB2B0B8FBF007C579B /* MealDetail.swift */ = {isa = PBXFileReference; lastKnownFileType = sourcecode.swift; path = MealDetail.swift; sourceTree = "<group>"; };
		90A5C1DD2B0B9006007C579B /* Ingredient.swift */ = {isa = PBXFileReference; lastKnownFileType = sourcecode.swift; path = Ingredient.swift; sourceTree = "<group>"; };
		90A5C1DF2B0B9026007C579B /* GHError.swift */ = {isa = PBXFileReference; lastKnownFileType = sourcecode.swift; path = GHError.swift; sourceTree = "<group>"; };
		90A5C1E32B0BDD09007C579B /* MealListViewModel.swift */ = {isa = PBXFileReference; lastKnownFileType = sourcecode.swift; path = MealListViewModel.swift; sourceTree = "<group>"; };
		90A5C1E52B0BDF96007C579B /* MealDetailViewModel.swift */ = {isa = PBXFileReference; lastKnownFileType = sourcecode.swift; path = MealDetailViewModel.swift; sourceTree = "<group>"; };
/* End PBXFileReference section */

/* Begin PBXFrameworksBuildPhase section */
		90A5C1BB2B02D49E007C579B /* Frameworks */ = {
			isa = PBXFrameworksBuildPhase;
			buildActionMask = 2147483647;
			files = (
			);
			runOnlyForDeploymentPostprocessing = 0;
		};
/* End PBXFrameworksBuildPhase section */

/* Begin PBXGroup section */
		90A5C1B52B02D49E007C579B = {
			isa = PBXGroup;
			children = (
				90A5C1C02B02D49E007C579B /* SweetTooth */,
				90A5C1BF2B02D49E007C579B /* Products */,
			);
			sourceTree = "<group>";
		};
		90A5C1BF2B02D49E007C579B /* Products */ = {
			isa = PBXGroup;
			children = (
				90A5C1BE2B02D49E007C579B /* SweetTooth.app */,
			);
			name = Products;
			sourceTree = "<group>";
		};
		90A5C1C02B02D49E007C579B /* SweetTooth */ = {
			isa = PBXGroup;
			children = (
				90A5C1C12B02D49E007C579B /* SweetToothApp.swift */,
				90A5C1D52B0B74AF007C579B /* Views */,
				90A5C1D82B0B7648007C579B /* Model */,
				90A5C1C52B02D4A0007C579B /* Assets.xcassets */,
				90A5C1C72B02D4A0007C579B /* Preview Content */,
			);
			path = SweetTooth;
			sourceTree = "<group>";
		};
		90A5C1C72B02D4A0007C579B /* Preview Content */ = {
			isa = PBXGroup;
			children = (
				90A5C1C82B02D4A0007C579B /* Preview Assets.xcassets */,
			);
			path = "Preview Content";
			sourceTree = "<group>";
		};
		90A5C1D52B0B74AF007C579B /* Views */ = {
			isa = PBXGroup;
			children = (
				90A5C1E12B0BDC92007C579B /* MealListView */,
				90A5C1E22B0BDCA0007C579B /* MealDetailView */,
				90A5C1D62B0B74BF007C579B /* LoadingView.swift */,
			);
			path = Views;
			sourceTree = "<group>";
		};
		90A5C1D82B0B7648007C579B /* Model */ = {
			isa = PBXGroup;
			children = (
				90A5C1D92B0B8F90007C579B /* Meal.swift */,
				90A5C1DB2B0B8FBF007C579B /* MealDetail.swift */,
				90A5C1DD2B0B9006007C579B /* Ingredient.swift */,
				90A5C1DF2B0B9026007C579B /* GHError.swift */,
			);
			path = Model;
			sourceTree = "<group>";
		};
		90A5C1E12B0BDC92007C579B /* MealListView */ = {
			isa = PBXGroup;
			children = (
				90A5C1C32B02D49E007C579B /* MealListView.swift */,
				90A5C1E32B0BDD09007C579B /* MealListViewModel.swift */,
			);
			path = MealListView;
			sourceTree = "<group>";
		};
		90A5C1E22B0BDCA0007C579B /* MealDetailView */ = {
			isa = PBXGroup;
			children = (
				90A5C1D32B0B3E55007C579B /* MealDetailView.swift */,
				90A5C1E52B0BDF96007C579B /* MealDetailViewModel.swift */,
			);
			path = MealDetailView;
			sourceTree = "<group>";
		};
/* End PBXGroup section */

/* Begin PBXNativeTarget section */
		90A5C1BD2B02D49E007C579B /* SweetTooth */ = {
			isa = PBXNativeTarget;
			buildConfigurationList = 90A5C1CC2B02D4A0007C579B /* Build configuration list for PBXNativeTarget "SweetTooth" */;
			buildPhases = (
				90A5C1BA2B02D49E007C579B /* Sources */,
				90A5C1BB2B02D49E007C579B /* Frameworks */,
				90A5C1BC2B02D49E007C579B /* Resources */,
			);
			buildRules = (
			);
			dependencies = (
			);
			name = SweetTooth;
			productName = SweetTooth;
			productReference = 90A5C1BE2B02D49E007C579B /* SweetTooth.app */;
			productType = "com.apple.product-type.application";
		};
/* End PBXNativeTarget section */

/* Begin PBXProject section */
		90A5C1B62B02D49E007C579B /* Project object */ = {
			isa = PBXProject;
			attributes = {
				BuildIndependentTargetsInParallel = 1;
				LastSwiftUpdateCheck = 1420;
				LastUpgradeCheck = 1420;
				TargetAttributes = {
					90A5C1BD2B02D49E007C579B = {
						CreatedOnToolsVersion = 14.2;
					};
				};
			};
			buildConfigurationList = 90A5C1B92B02D49E007C579B /* Build configuration list for PBXProject "SweetTooth" */;
			compatibilityVersion = "Xcode 14.0";
			developmentRegion = en;
			hasScannedForEncodings = 0;
			knownRegions = (
				en,
				Base,
			);
			mainGroup = 90A5C1B52B02D49E007C579B;
			productRefGroup = 90A5C1BF2B02D49E007C579B /* Products */;
			projectDirPath = "";
			projectRoot = "";
			targets = (
				90A5C1BD2B02D49E007C579B /* SweetTooth */,
			);
		};
/* End PBXProject section */

/* Begin PBXResourcesBuildPhase section */
		90A5C1BC2B02D49E007C579B /* Resources */ = {
			isa = PBXResourcesBuildPhase;
			buildActionMask = 2147483647;
			files = (
				90A5C1C92B02D4A0007C579B /* Preview Assets.xcassets in Resources */,
				90A5C1C62B02D4A0007C579B /* Assets.xcassets in Resources */,
			);
			runOnlyForDeploymentPostprocessing = 0;
		};
/* End PBXResourcesBuildPhase section */

/* Begin PBXSourcesBuildPhase section */
		90A5C1BA2B02D49E007C579B /* Sources */ = {
			isa = PBXSourcesBuildPhase;
			buildActionMask = 2147483647;
			files = (
				90A5C1C42B02D49E007C579B /* MealListView.swift in Sources */,
				90A5C1C22B02D49E007C579B /* SweetToothApp.swift in Sources */,
				90A5C1E02B0B9026007C579B /* GHError.swift in Sources */,
				90A5C1DC2B0B8FBF007C579B /* MealDetail.swift in Sources */,
				90A5C1E62B0BDF96007C579B /* MealDetailViewModel.swift in Sources */,
				90A5C1DE2B0B9006007C579B /* Ingredient.swift in Sources */,
				90A5C1D72B0B74BF007C579B /* LoadingView.swift in Sources */,
				90A5C1DA2B0B8F90007C579B /* Meal.swift in Sources */,
				90A5C1D42B0B3E55007C579B /* MealDetailView.swift in Sources */,
				90A5C1E42B0BDD09007C579B /* MealListViewModel.swift in Sources */,
			);
			runOnlyForDeploymentPostprocessing = 0;
		};
/* End PBXSourcesBuildPhase section */

/* Begin XCBuildConfiguration section */
		90A5C1CA2B02D4A0007C579B /* Debug */ = {
			isa = XCBuildConfiguration;
			buildSettings = {
				ALWAYS_SEARCH_USER_PATHS = NO;
				CLANG_ANALYZER_NONNULL = YES;
				CLANG_ANALYZER_NUMBER_OBJECT_CONVERSION = YES_AGGRESSIVE;
				CLANG_CXX_LANGUAGE_STANDARD = "gnu++20";
				CLANG_ENABLE_MODULES = YES;
				CLANG_ENABLE_OBJC_ARC = YES;
				CLANG_ENABLE_OBJC_WEAK = YES;
				CLANG_WARN_BLOCK_CAPTURE_AUTORELEASING = YES;
				CLANG_WARN_BOOL_CONVERSION = YES;
				CLANG_WARN_COMMA = YES;
				CLANG_WARN_CONSTANT_CONVERSION = YES;
				CLANG_WARN_DEPRECATED_OBJC_IMPLEMENTATIONS = YES;
				CLANG_WARN_DIRECT_OBJC_ISA_USAGE = YES_ERROR;
				CLANG_WARN_DOCUMENTATION_COMMENTS = YES;
				CLANG_WARN_EMPTY_BODY = YES;
				CLANG_WARN_ENUM_CONVERSION = YES;
				CLANG_WARN_INFINITE_RECURSION = YES;
				CLANG_WARN_INT_CONVERSION = YES;
				CLANG_WARN_NON_LITERAL_NULL_CONVERSION = YES;
				CLANG_WARN_OBJC_IMPLICIT_RETAIN_SELF = YES;
				CLANG_WARN_OBJC_LITERAL_CONVERSION = YES;
				CLANG_WARN_OBJC_ROOT_CLASS = YES_ERROR;
				CLANG_WARN_QUOTED_INCLUDE_IN_FRAMEWORK_HEADER = YES;
				CLANG_WARN_RANGE_LOOP_ANALYSIS = YES;
				CLANG_WARN_STRICT_PROTOTYPES = YES;
				CLANG_WARN_SUSPICIOUS_MOVE = YES;
				CLANG_WARN_UNGUARDED_AVAILABILITY = YES_AGGRESSIVE;
				CLANG_WARN_UNREACHABLE_CODE = YES;
				CLANG_WARN__DUPLICATE_METHOD_MATCH = YES;
				COPY_PHASE_STRIP = NO;
				DEBUG_INFORMATION_FORMAT = dwarf;
				ENABLE_STRICT_OBJC_MSGSEND = YES;
				ENABLE_TESTABILITY = YES;
				GCC_C_LANGUAGE_STANDARD = gnu11;
				GCC_DYNAMIC_NO_PIC = NO;
				GCC_NO_COMMON_BLOCKS = YES;
				GCC_OPTIMIZATION_LEVEL = 0;
				GCC_PREPROCESSOR_DEFINITIONS = (
					"DEBUG=1",
					"$(inherited)",
				);
				GCC_WARN_64_TO_32_BIT_CONVERSION = YES;
				GCC_WARN_ABOUT_RETURN_TYPE = YES_ERROR;
				GCC_WARN_UNDECLARED_SELECTOR = YES;
				GCC_WARN_UNINITIALIZED_AUTOS = YES_AGGRESSIVE;
				GCC_WARN_UNUSED_FUNCTION = YES;
				GCC_WARN_UNUSED_VARIABLE = YES;
				IPHONEOS_DEPLOYMENT_TARGET = 16.2;
				MTL_ENABLE_DEBUG_INFO = INCLUDE_SOURCE;
				MTL_FAST_MATH = YES;
				ONLY_ACTIVE_ARCH = YES;
				SDKROOT = iphoneos;
				SWIFT_ACTIVE_COMPILATION_CONDITIONS = DEBUG;
				SWIFT_OPTIMIZATION_LEVEL = "-Onone";
			};
			name = Debug;
		};
		90A5C1CB2B02D4A0007C579B /* Release */ = {
			isa = XCBuildConfiguration;
			buildSettings = {
				ALWAYS_SEARCH_USER_PATHS = NO;
				CLANG_ANALYZER_NONNULL = YES;
				CLANG_ANALYZER_NUMBER_OBJECT_CONVERSION = YES_AGGRESSIVE;
				CLANG_CXX_LANGUAGE_STANDARD = "gnu++20";
				CLANG_ENABLE_MODULES = YES;
				CLANG_ENABLE_OBJC_ARC = YES;
				CLANG_ENABLE_OBJC_WEAK = YES;
				CLANG_WARN_BLOCK_CAPTURE_AUTORELEASING = YES;
				CLANG_WARN_BOOL_CONVERSION = YES;
				CLANG_WARN_COMMA = YES;
				CLANG_WARN_CONSTANT_CONVERSION = YES;
				CLANG_WARN_DEPRECATED_OBJC_IMPLEMENTATIONS = YES;
				CLANG_WARN_DIRECT_OBJC_ISA_USAGE = YES_ERROR;
				CLANG_WARN_DOCUMENTATION_COMMENTS = YES;
				CLANG_WARN_EMPTY_BODY = YES;
				CLANG_WARN_ENUM_CONVERSION = YES;
				CLANG_WARN_INFINITE_RECURSION = YES;
				CLANG_WARN_INT_CONVERSION = YES;
				CLANG_WARN_NON_LITERAL_NULL_CONVERSION = YES;
				CLANG_WARN_OBJC_IMPLICIT_RETAIN_SELF = YES;
				CLANG_WARN_OBJC_LITERAL_CONVERSION = YES;
				CLANG_WARN_OBJC_ROOT_CLASS = YES_ERROR;
				CLANG_WARN_QUOTED_INCLUDE_IN_FRAMEWORK_HEADER = YES;
				CLANG_WARN_RANGE_LOOP_ANALYSIS = YES;
				CLANG_WARN_STRICT_PROTOTYPES = YES;
				CLANG_WARN_SUSPICIOUS_MOVE = YES;
				CLANG_WARN_UNGUARDED_AVAILABILITY = YES_AGGRESSIVE;
				CLANG_WARN_UNREACHABLE_CODE = YES;
				CLANG_WARN__DUPLICATE_METHOD_MATCH = YES;
				COPY_PHASE_STRIP = NO;
				DEBUG_INFORMATION_FORMAT = "dwarf-with-dsym";
				ENABLE_NS_ASSERTIONS = NO;
				ENABLE_STRICT_OBJC_MSGSEND = YES;
				GCC_C_LANGUAGE_STANDARD = gnu11;
				GCC_NO_COMMON_BLOCKS = YES;
				GCC_WARN_64_TO_32_BIT_CONVERSION = YES;
				GCC_WARN_ABOUT_RETURN_TYPE = YES_ERROR;
				GCC_WARN_UNDECLARED_SELECTOR = YES;
				GCC_WARN_UNINITIALIZED_AUTOS = YES_AGGRESSIVE;
				GCC_WARN_UNUSED_FUNCTION = YES;
				GCC_WARN_UNUSED_VARIABLE = YES;
				IPHONEOS_DEPLOYMENT_TARGET = 16.2;
				MTL_ENABLE_DEBUG_INFO = NO;
				MTL_FAST_MATH = YES;
				SDKROOT = iphoneos;
				SWIFT_COMPILATION_MODE = wholemodule;
				SWIFT_OPTIMIZATION_LEVEL = "-O";
				VALIDATE_PRODUCT = YES;
			};
			name = Release;
		};
		90A5C1CD2B02D4A0007C579B /* Debug */ = {
			isa = XCBuildConfiguration;
			buildSettings = {
				ASSETCATALOG_COMPILER_APPICON_NAME = AppIcon;
				ASSETCATALOG_COMPILER_GLOBAL_ACCENT_COLOR_NAME = AccentColor;
				CODE_SIGN_STYLE = Automatic;
				CURRENT_PROJECT_VERSION = 1;
				DEVELOPMENT_ASSET_PATHS = "\"SweetTooth/Preview Content\"";
				DEVELOPMENT_TEAM = 3U8242JAFH;
				ENABLE_PREVIEWS = YES;
				GENERATE_INFOPLIST_FILE = YES;
				INFOPLIST_KEY_UIApplicationSceneManifest_Generation = YES;
				INFOPLIST_KEY_UIApplicationSupportsIndirectInputEvents = YES;
				INFOPLIST_KEY_UILaunchScreen_Generation = YES;
				INFOPLIST_KEY_UISupportedInterfaceOrientations_iPad = "UIInterfaceOrientationPortrait UIInterfaceOrientationPortraitUpsideDown UIInterfaceOrientationLandscapeLeft UIInterfaceOrientationLandscapeRight";
				INFOPLIST_KEY_UISupportedInterfaceOrientations_iPhone = "UIInterfaceOrientationPortrait UIInterfaceOrientationLandscapeLeft UIInterfaceOrientationLandscapeRight";
				LD_RUNPATH_SEARCH_PATHS = (
					"$(inherited)",
					"@executable_path/Frameworks",
				);
				MARKETING_VERSION = 1.0;
				PRODUCT_BUNDLE_IDENTIFIER = com.HunterLai.SweetTooth;
				PRODUCT_NAME = "$(TARGET_NAME)";
				SWIFT_EMIT_LOC_STRINGS = YES;
				SWIFT_VERSION = 5.0;
				TARGETED_DEVICE_FAMILY = "1,2";
			};
			name = Debug;
		};
		90A5C1CE2B02D4A0007C579B /* Release */ = {
			isa = XCBuildConfiguration;
			buildSettings = {
				ASSETCATALOG_COMPILER_APPICON_NAME = AppIcon;
				ASSETCATALOG_COMPILER_GLOBAL_ACCENT_COLOR_NAME = AccentColor;
				CODE_SIGN_STYLE = Automatic;
				CURRENT_PROJECT_VERSION = 1;
				DEVELOPMENT_ASSET_PATHS = "\"SweetTooth/Preview Content\"";
				DEVELOPMENT_TEAM = 3U8242JAFH;
				ENABLE_PREVIEWS = YES;
				GENERATE_INFOPLIST_FILE = YES;
				INFOPLIST_KEY_UIApplicationSceneManifest_Generation = YES;
				INFOPLIST_KEY_UIApplicationSupportsIndirectInputEvents = YES;
				INFOPLIST_KEY_UILaunchScreen_Generation = YES;
				INFOPLIST_KEY_UISupportedInterfaceOrientations_iPad = "UIInterfaceOrientationPortrait UIInterfaceOrientationPortraitUpsideDown UIInterfaceOrientationLandscapeLeft UIInterfaceOrientationLandscapeRight";
				INFOPLIST_KEY_UISupportedInterfaceOrientations_iPhone = "UIInterfaceOrientationPortrait UIInterfaceOrientationLandscapeLeft UIInterfaceOrientationLandscapeRight";
				LD_RUNPATH_SEARCH_PATHS = (
					"$(inherited)",
					"@executable_path/Frameworks",
				);
				MARKETING_VERSION = 1.0;
				PRODUCT_BUNDLE_IDENTIFIER = com.HunterLai.SweetTooth;
				PRODUCT_NAME = "$(TARGET_NAME)";
				SWIFT_EMIT_LOC_STRINGS = YES;
				SWIFT_VERSION = 5.0;
				TARGETED_DEVICE_FAMILY = "1,2";
			};
			name = Release;
		};
/* End XCBuildConfiguration section */

/* Begin XCConfigurationList section */
		90A5C1B92B02D49E007C579B /* Build configuration list for PBXProject "SweetTooth" */ = {
			isa = XCConfigurationList;
			buildConfigurations = (
				90A5C1CA2B02D4A0007C579B /* Debug */,
				90A5C1CB2B02D4A0007C579B /* Release */,
			);
			defaultConfigurationIsVisible = 0;
			defaultConfigurationName = Release;
		};
		90A5C1CC2B02D4A0007C579B /* Build configuration list for PBXNativeTarget "SweetTooth" */ = {
			isa = XCConfigurationList;
			buildConfigurations = (
				90A5C1CD2B02D4A0007C579B /* Debug */,
				90A5C1CE2B02D4A0007C579B /* Release */,
			);
			defaultConfigurationIsVisible = 0;
			defaultConfigurationName = Release;
		};
/* End XCConfigurationList section */
	};
	rootObject = 90A5C1B62B02D49E007C579B /* Project object */;
}
